
Microsoft Visual Studio Solution File, Format Version 12.00
# Visual Studio Version 17
VisualStudioVersion = 17.2.32602.215
MinimumVisualStudioVersion = 10.0.40219.1
Project("{9A19103F-16F7-4668-BE54-9A1E7A4F7556}") = "AutoKeyLight", "AutoKeyLight\AutoKeyLight.csproj", "{EFEF84FA-A98D-4C5A-B8BE-DDE4772D6CBE}"
EndProject
Global
	GlobalSection(SolutionConfigurationPlatforms) = preSolution
		Debug|Any CPU = Debug|Any CPU
		Release|Any CPU = Release|Any CPU
	EndGlobalSection
	GlobalSection(ProjectConfigurationPlatforms) = postSolution
		{EFEF84FA-A98D-4C5A-B8BE-DDE4772D6CBE}.Debug|Any CPU.ActiveCfg = Debug|Any CPU
		{EFEF84FA-A98D-4C5A-B8BE-DDE4772D6CBE}.Debug|Any CPU.Build.0 = Debug|Any CPU
		{EFEF84FA-A98D-4C5A-B8BE-DDE4772D6CBE}.Release|Any CPU.ActiveCfg = Release|Any CPU
		{EFEF84FA-A98D-4C5A-B8BE-DDE4772D6CBE}.Release|Any CPU.Build.0 = Release|Any CPU
	EndGlobalSection
	GlobalSection(SolutionProperties) = preSolution
		HideSolutionNode = FALSE
	EndGlobalSection
	GlobalSection(ExtensibilityGlobals) = postSolution
		SolutionGuid = {297FE40F-8165-4C9B-AD1B-82F587AE8A0E}
	EndGlobalSection
EndGlobal
